// !$*UTF8*$!
{
	archiveVersion = 1;
	classes = {
	};
	objectVersion = 77;
	objects = {

/* Begin PBXContainerItemProxy section */
		75049A482D9C415F00A3E098 /* PBXContainerItemProxy */ = {
			isa = PBXContainerItemProxy;
			containerPortal = 75049A2F2D9C415B00A3E098 /* Project object */;
			proxyType = 1;
			remoteGlobalIDString = 75049A362D9C415B00A3E098;
			remoteInfo = ClothEaseApp;
		};
		75049A522D9C415F00A3E098 /* PBXContainerItemProxy */ = {
			isa = PBXContainerItemProxy;
			containerPortal = 75049A2F2D9C415B00A3E098 /* Project object */;
			proxyType = 1;
			remoteGlobalIDString = 75049A362D9C415B00A3E098;
			remoteInfo = ClothEaseApp;
		};
/* End PBXContainerItemProxy section */

/* Begin PBXFileReference section */
		75049A372D9C415B00A3E098 /* ClothEaseApp.app */ = {isa = PBXFileReference; explicitFileType = wrapper.application; includeInIndex = 0; path = ClothEaseApp.app; sourceTree = BUILT_PRODUCTS_DIR; };
		75049A472D9C415F00A3E098 /* ClothEaseAppTests.xctest */ = {isa = PBXFileReference; explicitFileType = wrapper.cfbundle; includeInIndex = 0; path = ClothEaseAppTests.xctest; sourceTree = BUILT_PRODUCTS_DIR; };
		75049A512D9C415F00A3E098 /* ClothEaseAppUITests.xctest */ = {isa = PBXFileReference; explicitFileType = wrapper.cfbundle; includeInIndex = 0; path = ClothEaseAppUITests.xctest; sourceTree = BUILT_PRODUCTS_DIR; };
/* End PBXFileReference section */

/* Begin PBXFileSystemSynchronizedRootGroup section */
		75049A392D9C415B00A3E098 /* ClothEaseApp */ = {
			isa = PBXFileSystemSynchronizedRootGroup;
			path = ClothEaseApp;
			sourceTree = "<group>";
		};
		75049A4A2D9C415F00A3E098 /* ClothEaseAppTests */ = {
			isa = PBXFileSystemSynchronizedRootGroup;
			path = ClothEaseAppTests;
			sourceTree = "<group>";
		};
		75049A542D9C415F00A3E098 /* ClothEaseAppUITests */ = {
			isa = PBXFileSystemSynchronizedRootGroup;
			path = ClothEaseAppUITests;
			sourceTree = "<group>";
		};
/* End PBXFileSystemSynchronizedRootGroup section */

/* Begin PBXFrameworksBuildPhase section */
		75049A342D9C415B00A3E098 /* Frameworks */ = {
			isa = PBXFrameworksBuildPhase;
			buildActionMask = 2147483647;
			files = (
			);
			runOnlyForDeploymentPostprocessing = 0;
		};
		75049A442D9C415F00A3E098 /* Frameworks */ = {
			isa = PBXFrameworksBuildPhase;
			buildActionMask = 2147483647;
			files = (
			);
			runOnlyForDeploymentPostprocessing = 0;
		};
		75049A4E2D9C415F00A3E098 /* Frameworks */ = {
			isa = PBXFrameworksBuildPhase;
			buildActionMask = 2147483647;
			files = (
			);
			runOnlyForDeploymentPostprocessing = 0;
		};
/* End PBXFrameworksBuildPhase section */

/* Begin PBXGroup section */
		75049A2E2D9C415B00A3E098 = {
			isa = PBXGroup;
			children = (
				75049A392D9C415B00A3E098 /* ClothEaseApp */,
				75049A4A2D9C415F00A3E098 /* ClothEaseAppTests */,
				75049A542D9C415F00A3E098 /* ClothEaseAppUITests */,
				75049A382D9C415B00A3E098 /* Products */,
			);
			sourceTree = "<group>";
		};
		75049A382D9C415B00A3E098 /* Products */ = {
			isa = PBXGroup;
			children = (
				75049A372D9C415B00A3E098 /* ClothEaseApp.app */,
				75049A472D9C415F00A3E098 /* ClothEaseAppTests.xctest */,
				75049A512D9C415F00A3E098 /* ClothEaseAppUITests.xctest */,
			);
			name = Products;
			sourceTree = "<group>";
		};
/* End PBXGroup section */

/* Begin PBXNativeTarget section */
		75049A362D9C415B00A3E098 /* ClothEaseApp */ = {
			isa = PBXNativeTarget;
			buildConfigurationList = 75049A5B2D9C415F00A3E098 /* Build configuration list for PBXNativeTarget "ClothEaseApp" */;
			buildPhases = (
				75049A332D9C415B00A3E098 /* Sources */,
				75049A342D9C415B00A3E098 /* Frameworks */,
				75049A352D9C415B00A3E098 /* Resources */,
			);
			buildRules = (
			);
			dependencies = (
			);
			fileSystemSynchronizedGroups = (
				75049A392D9C415B00A3E098 /* ClothEaseApp */,
			);
			name = ClothEaseApp;
			packageProductDependencies = (
			);
			productName = ClothEaseApp;
			productReference = 75049A372D9C415B00A3E098 /* ClothEaseApp.app */;
			productType = "com.apple.product-type.application";
		};
		75049A462D9C415F00A3E098 /* ClothEaseAppTests */ = {
			isa = PBXNativeTarget;
			buildConfigurationList = 75049A5E2D9C415F00A3E098 /* Build configuration list for PBXNativeTarget "ClothEaseAppTests" */;
			buildPhases = (
				75049A432D9C415F00A3E098 /* Sources */,
				75049A442D9C415F00A3E098 /* Frameworks */,
				75049A452D9C415F00A3E098 /* Resources */,
			);
			buildRules = (
			);
			dependencies = (
				75049A492D9C415F00A3E098 /* PBXTargetDependency */,
			);
			fileSystemSynchronizedGroups = (
				75049A4A2D9C415F00A3E098 /* ClothEaseAppTests */,
			);
			name = ClothEaseAppTests;
			packageProductDependencies = (
			);
			productName = ClothEaseAppTests;
			productReference = 75049A472D9C415F00A3E098 /* ClothEaseAppTests.xctest */;
			productType = "com.apple.product-type.bundle.unit-test";
		};
		75049A502D9C415F00A3E098 /* ClothEaseAppUITests */ = {
			isa = PBXNativeTarget;
			buildConfigurationList = 75049A612D9C415F00A3E098 /* Build configuration list for PBXNativeTarget "ClothEaseAppUITests" */;
			buildPhases = (
				75049A4D2D9C415F00A3E098 /* Sources */,
				75049A4E2D9C415F00A3E098 /* Frameworks */,
				75049A4F2D9C415F00A3E098 /* Resources */,
			);
			buildRules = (
			);
			dependencies = (
				75049A532D9C415F00A3E098 /* PBXTargetDependency */,
			);
			fileSystemSynchronizedGroups = (
				75049A542D9C415F00A3E098 /* ClothEaseAppUITests */,
			);
			name = ClothEaseAppUITests;
			packageProductDependencies = (
			);
			productName = ClothEaseAppUITests;
			productReference = 75049A512D9C415F00A3E098 /* ClothEaseAppUITests.xctest */;
			productType = "com.apple.product-type.bundle.ui-testing";
		};
/* End PBXNativeTarget section */

/* Begin PBXProject section */
		75049A2F2D9C415B00A3E098 /* Project object */ = {
			isa = PBXProject;
			attributes = {
				BuildIndependentTargetsInParallel = 1;
				LastSwiftUpdateCheck = 1600;
				LastUpgradeCheck = 1600;
				TargetAttributes = {
					75049A362D9C415B00A3E098 = {
						CreatedOnToolsVersion = 16.0;
					};
					75049A462D9C415F00A3E098 = {
						CreatedOnToolsVersion = 16.0;
						TestTargetID = 75049A362D9C415B00A3E098;
					};
					75049A502D9C415F00A3E098 = {
						CreatedOnToolsVersion = 16.0;
						TestTargetID = 75049A362D9C415B00A3E098;
					};
				};
			};
			buildConfigurationList = 75049A322D9C415B00A3E098 /* Build configuration list for PBXProject "ClothEaseApp" */;
			developmentRegion = en;
			hasScannedForEncodings = 0;
			knownRegions = (
				en,
				Base,
			);
			mainGroup = 75049A2E2D9C415B00A3E098;
			minimizedProjectReferenceProxies = 1;
			preferredProjectObjectVersion = 77;
			productRefGroup = 75049A382D9C415B00A3E098 /* Products */;
			projectDirPath = "";
			projectRoot = "";
			targets = (
				75049A362D9C415B00A3E098 /* ClothEaseApp */,
				75049A462D9C415F00A3E098 /* ClothEaseAppTests */,
				75049A502D9C415F00A3E098 /* ClothEaseAppUITests */,
			);
		};
/* End PBXProject section */

/* Begin PBXResourcesBuildPhase section */
		75049A352D9C415B00A3E098 /* Resources */ = {
			isa = PBXResourcesBuildPhase;
			buildActionMask = 2147483647;
			files = (
			);
			runOnlyForDeploymentPostprocessing = 0;
		};
		75049A452D9C415F00A3E098 /* Resources */ = {
			isa = PBXResourcesBuildPhase;
			buildActionMask = 2147483647;
			files = (
			);
			runOnlyForDeploymentPostprocessing = 0;
		};
		75049A4F2D9C415F00A3E098 /* Resources */ = {
			isa = PBXResourcesBuildPhase;
			buildActionMask = 2147483647;
			files = (
			);
			runOnlyForDeploymentPostprocessing = 0;
		};
/* End PBXResourcesBuildPhase section */

/* Begin PBXSourcesBuildPhase section */
		75049A332D9C415B00A3E098 /* Sources */ = {
			isa = PBXSourcesBuildPhase;
			buildActionMask = 2147483647;
			files = (
			);
			runOnlyForDeploymentPostprocessing = 0;
		};
		75049A432D9C415F00A3E098 /* Sources */ = {
			isa = PBXSourcesBuildPhase;
			buildActionMask = 2147483647;
			files = (
			);
			runOnlyForDeploymentPostprocessing = 0;
		};
		75049A4D2D9C415F00A3E098 /* Sources */ = {
			isa = PBXSourcesBuildPhase;
			buildActionMask = 2147483647;
			files = (
			);
			runOnlyForDeploymentPostprocessing = 0;
		};
/* End PBXSourcesBuildPhase section */

/* Begin PBXTargetDependency section */
		75049A492D9C415F00A3E098 /* PBXTargetDependency */ = {
			isa = PBXTargetDependency;
			target = 75049A362D9C415B00A3E098 /* ClothEaseApp */;
			targetProxy = 75049A482D9C415F00A3E098 /* PBXContainerItemProxy */;
		};
		75049A532D9C415F00A3E098 /* PBXTargetDependency */ = {
			isa = PBXTargetDependency;
			target = 75049A362D9C415B00A3E098 /* ClothEaseApp */;
			targetProxy = 75049A522D9C415F00A3E098 /* PBXContainerItemProxy */;
		};
/* End PBXTargetDependency section */

/* Begin XCBuildConfiguration section */
		75049A592D9C415F00A3E098 /* Debug */ = {
			isa = XCBuildConfiguration;
			buildSettings = {
				ALWAYS_SEARCH_USER_PATHS = NO;
				ASSETCATALOG_COMPILER_GENERATE_SWIFT_ASSET_SYMBOL_EXTENSIONS = YES;
				CLANG_ANALYZER_NONNULL = YES;
				CLANG_ANALYZER_NUMBER_OBJECT_CONVERSION = YES_AGGRESSIVE;
				CLANG_CXX_LANGUAGE_STANDARD = "gnu++20";
				CLANG_ENABLE_MODULES = YES;
				CLANG_ENABLE_OBJC_ARC = YES;
				CLANG_ENABLE_OBJC_WEAK = YES;
				CLANG_WARN_BLOCK_CAPTURE_AUTORELEASING = YES;
				CLANG_WARN_BOOL_CONVERSION = YES;
				CLANG_WARN_COMMA = YES;
				CLANG_WARN_CONSTANT_CONVERSION = YES;
				CLANG_WARN_DEPRECATED_OBJC_IMPLEMENTATIONS = YES;
				CLANG_WARN_DIRECT_OBJC_ISA_USAGE = YES_ERROR;
				CLANG_WARN_DOCUMENTATION_COMMENTS = YES;
				CLANG_WARN_EMPTY_BODY = YES;
				CLANG_WARN_ENUM_CONVERSION = YES;
				CLANG_WARN_INFINITE_RECURSION = YES;
				CLANG_WARN_INT_CONVERSION = YES;
				CLANG_WARN_NON_LITERAL_NULL_CONVERSION = YES;
				CLANG_WARN_OBJC_IMPLICIT_RETAIN_SELF = YES;
				CLANG_WARN_OBJC_LITERAL_CONVERSION = YES;
				CLANG_WARN_OBJC_ROOT_CLASS = YES_ERROR;
				CLANG_WARN_QUOTED_INCLUDE_IN_FRAMEWORK_HEADER = YES;
				CLANG_WARN_RANGE_LOOP_ANALYSIS = YES;
				CLANG_WARN_STRICT_PROTOTYPES = YES;
				CLANG_WARN_SUSPICIOUS_MOVE = YES;
				CLANG_WARN_UNGUARDED_AVAILABILITY = YES_AGGRESSIVE;
				CLANG_WARN_UNREACHABLE_CODE = YES;
				CLANG_WARN__DUPLICATE_METHOD_MATCH = YES;
				COPY_PHASE_STRIP = NO;
				DEBUG_INFORMATION_FORMAT = dwarf;
				ENABLE_STRICT_OBJC_MSGSEND = YES;
				ENABLE_TESTABILITY = YES;
				ENABLE_USER_SCRIPT_SANDBOXING = YES;
				GCC_C_LANGUAGE_STANDARD = gnu17;
				GCC_DYNAMIC_NO_PIC = NO;
				GCC_NO_COMMON_BLOCKS = YES;
				GCC_OPTIMIZATION_LEVEL = 0;
				GCC_PREPROCESSOR_DEFINITIONS = (
					"DEBUG=1",
					"$(inherited)",
				);
				GCC_WARN_64_TO_32_BIT_CONVERSION = YES;
				GCC_WARN_ABOUT_RETURN_TYPE = YES_ERROR;
				GCC_WARN_UNDECLARED_SELECTOR = YES;
				GCC_WARN_UNINITIALIZED_AUTOS = YES_AGGRESSIVE;
				GCC_WARN_UNUSED_FUNCTION = YES;
				GCC_WARN_UNUSED_VARIABLE = YES;
				IPHONEOS_DEPLOYMENT_TARGET = 18.0;
				LOCALIZATION_PREFERS_STRING_CATALOGS = YES;
				MTL_ENABLE_DEBUG_INFO = INCLUDE_SOURCE;
				MTL_FAST_MATH = YES;
				ONLY_ACTIVE_ARCH = YES;
				SDKROOT = iphoneos;
				SWIFT_ACTIVE_COMPILATION_CONDITIONS = "DEBUG $(inherited)";
				SWIFT_OPTIMIZATION_LEVEL = "-Onone";
			};
			name = Debug;
		};
		75049A5A2D9C415F00A3E098 /* Release */ = {
			isa = XCBuildConfiguration;
			buildSettings = {
				ALWAYS_SEARCH_USER_PATHS = NO;
				ASSETCATALOG_COMPILER_GENERATE_SWIFT_ASSET_SYMBOL_EXTENSIONS = YES;
				CLANG_ANALYZER_NONNULL = YES;
				CLANG_ANALYZER_NUMBER_OBJECT_CONVERSION = YES_AGGRESSIVE;
				CLANG_CXX_LANGUAGE_STANDARD = "gnu++20";
				CLANG_ENABLE_MODULES = YES;
				CLANG_ENABLE_OBJC_ARC = YES;
				CLANG_ENABLE_OBJC_WEAK = YES;
				CLANG_WARN_BLOCK_CAPTURE_AUTORELEASING = YES;
				CLANG_WARN_BOOL_CONVERSION = YES;
				CLANG_WARN_COMMA = YES;
				CLANG_WARN_CONSTANT_CONVERSION = YES;
				CLANG_WARN_DEPRECATED_OBJC_IMPLEMENTATIONS = YES;
				CLANG_WARN_DIRECT_OBJC_ISA_USAGE = YES_ERROR;
				CLANG_WARN_DOCUMENTATION_COMMENTS = YES;
				CLANG_WARN_EMPTY_BODY = YES;
				CLANG_WARN_ENUM_CONVERSION = YES;
				CLANG_WARN_INFINITE_RECURSION = YES;
				CLANG_WARN_INT_CONVERSION = YES;
				CLANG_WARN_NON_LITERAL_NULL_CONVERSION = YES;
				CLANG_WARN_OBJC_IMPLICIT_RETAIN_SELF = YES;
				CLANG_WARN_OBJC_LITERAL_CONVERSION = YES;
				CLANG_WARN_OBJC_ROOT_CLASS = YES_ERROR;
				CLANG_WARN_QUOTED_INCLUDE_IN_FRAMEWORK_HEADER = YES;
				CLANG_WARN_RANGE_LOOP_ANALYSIS = YES;
				CLANG_WARN_STRICT_PROTOTYPES = YES;
				CLANG_WARN_SUSPICIOUS_MOVE = YES;
				CLANG_WARN_UNGUARDED_AVAILABILITY = YES_AGGRESSIVE;
				CLANG_WARN_UNREACHABLE_CODE = YES;
				CLANG_WARN__DUPLICATE_METHOD_MATCH = YES;
				COPY_PHASE_STRIP = NO;
				DEBUG_INFORMATION_FORMAT = "dwarf-with-dsym";
				ENABLE_NS_ASSERTIONS = NO;
				ENABLE_STRICT_OBJC_MSGSEND = YES;
				ENABLE_USER_SCRIPT_SANDBOXING = YES;
				GCC_C_LANGUAGE_STANDARD = gnu17;
				GCC_NO_COMMON_BLOCKS = YES;
				GCC_WARN_64_TO_32_BIT_CONVERSION = YES;
				GCC_WARN_ABOUT_RETURN_TYPE = YES_ERROR;
				GCC_WARN_UNDECLARED_SELECTOR = YES;
				GCC_WARN_UNINITIALIZED_AUTOS = YES_AGGRESSIVE;
				GCC_WARN_UNUSED_FUNCTION = YES;
				GCC_WARN_UNUSED_VARIABLE = YES;
				IPHONEOS_DEPLOYMENT_TARGET = 18.0;
				LOCALIZATION_PREFERS_STRING_CATALOGS = YES;
				MTL_ENABLE_DEBUG_INFO = NO;
				MTL_FAST_MATH = YES;
				SDKROOT = iphoneos;
				SWIFT_COMPILATION_MODE = wholemodule;
				VALIDATE_PRODUCT = YES;
			};
			name = Release;
		};
		75049A5C2D9C415F00A3E098 /* Debug */ = {
			isa = XCBuildConfiguration;
			buildSettings = {
				ASSETCATALOG_COMPILER_APPICON_NAME = AppIcon;
				ASSETCATALOG_COMPILER_GLOBAL_ACCENT_COLOR_NAME = AccentColor;
				CODE_SIGN_STYLE = Automatic;
				CURRENT_PROJECT_VERSION = 1;
				DEVELOPMENT_ASSET_PATHS = "\"ClothEaseApp/Preview Content\"";
				DEVELOPMENT_TEAM = XVRBV8R9TX;
				ENABLE_PREVIEWS = YES;
				GENERATE_INFOPLIST_FILE = YES;
				INFOPLIST_KEY_UIApplicationSceneManifest_Generation = YES;
				INFOPLIST_KEY_UIApplicationSupportsIndirectInputEvents = YES;
				INFOPLIST_KEY_UILaunchScreen_Generation = YES;
				INFOPLIST_KEY_UISupportedInterfaceOrientations_iPad = "UIInterfaceOrientationPortrait UIInterfaceOrientationPortraitUpsideDown UIInterfaceOrientationLandscapeLeft UIInterfaceOrientationLandscapeRight";
				INFOPLIST_KEY_UISupportedInterfaceOrientations_iPhone = "UIInterfaceOrientationPortrait UIInterfaceOrientationLandscapeLeft UIInterfaceOrientationLandscapeRight";
				LD_RUNPATH_SEARCH_PATHS = (
					"$(inherited)",
					"@executable_path/Frameworks",
				);
				MARKETING_VERSION = 1.0;
				PRODUCT_BUNDLE_IDENTIFIER = code.anurag.io.ClothEaseApp;
				PRODUCT_NAME = "$(TARGET_NAME)";
				SWIFT_EMIT_LOC_STRINGS = YES;
				SWIFT_VERSION = 5.0;
				TARGETED_DEVICE_FAMILY = "1,2";
			};
			name = Debug;
		};
		75049A5D2D9C415F00A3E098 /* Release */ = {
			isa = XCBuildConfiguration;
			buildSettings = {
				ASSETCATALOG_COMPILER_APPICON_NAME = AppIcon;
				ASSETCATALOG_COMPILER_GLOBAL_ACCENT_COLOR_NAME = AccentColor;
				CODE_SIGN_STYLE = Automatic;
				CURRENT_PROJECT_VERSION = 1;
				DEVELOPMENT_ASSET_PATHS = "\"ClothEaseApp/Preview Content\"";
				DEVELOPMENT_TEAM = XVRBV8R9TX;
				ENABLE_PREVIEWS = YES;
				GENERATE_INFOPLIST_FILE = YES;
				INFOPLIST_KEY_UIApplicationSceneManifest_Generation = YES;
				INFOPLIST_KEY_UIApplicationSupportsIndirectInputEvents = YES;
				INFOPLIST_KEY_UILaunchScreen_Generation = YES;
				INFOPLIST_KEY_UISupportedInterfaceOrientations_iPad = "UIInterfaceOrientationPortrait UIInterfaceOrientationPortraitUpsideDown UIInterfaceOrientationLandscapeLeft UIInterfaceOrientationLandscapeRight";
				INFOPLIST_KEY_UISupportedInterfaceOrientations_iPhone = "UIInterfaceOrientationPortrait UIInterfaceOrientationLandscapeLeft UIInterfaceOrientationLandscapeRight";
				LD_RUNPATH_SEARCH_PATHS = (
					"$(inherited)",
					"@executable_path/Frameworks",
				);
				MARKETING_VERSION = 1.0;
				PRODUCT_BUNDLE_IDENTIFIER = code.anurag.io.ClothEaseApp;
				PRODUCT_NAME = "$(TARGET_NAME)";
				SWIFT_EMIT_LOC_STRINGS = YES;
				SWIFT_VERSION = 5.0;
				TARGETED_DEVICE_FAMILY = "1,2";
			};
			name = Release;
		};
		75049A5F2D9C415F00A3E098 /* Debug */ = {
			isa = XCBuildConfiguration;
			buildSettings = {
				BUNDLE_LOADER = "$(TEST_HOST)";
				CODE_SIGN_STYLE = Automatic;
				CURRENT_PROJECT_VERSION = 1;
				DEVELOPMENT_TEAM = XVRBV8R9TX;
				GENERATE_INFOPLIST_FILE = YES;
				IPHONEOS_DEPLOYMENT_TARGET = 18.0;
				MARKETING_VERSION = 1.0;
				PRODUCT_BUNDLE_IDENTIFIER = code.anurag.io.ClothEaseAppTests;
				PRODUCT_NAME = "$(TARGET_NAME)";
				SWIFT_EMIT_LOC_STRINGS = NO;
				SWIFT_VERSION = 5.0;
				TARGETED_DEVICE_FAMILY = "1,2";
				TEST_HOST = "$(BUILT_PRODUCTS_DIR)/ClothEaseApp.app/$(BUNDLE_EXECUTABLE_FOLDER_PATH)/ClothEaseApp";
			};
			name = Debug;
		};
		75049A602D9C415F00A3E098 /* Release */ = {
			isa = XCBuildConfiguration;
			buildSettings = {
				BUNDLE_LOADER = "$(TEST_HOST)";
				CODE_SIGN_STYLE = Automatic;
				CURRENT_PROJECT_VERSION = 1;
				DEVELOPMENT_TEAM = XVRBV8R9TX;
				GENERATE_INFOPLIST_FILE = YES;
				IPHONEOS_DEPLOYMENT_TARGET = 18.0;
				MARKETING_VERSION = 1.0;
				PRODUCT_BUNDLE_IDENTIFIER = code.anurag.io.ClothEaseAppTests;
				PRODUCT_NAME = "$(TARGET_NAME)";
				SWIFT_EMIT_LOC_STRINGS = NO;
				SWIFT_VERSION = 5.0;
				TARGETED_DEVICE_FAMILY = "1,2";
				TEST_HOST = "$(BUILT_PRODUCTS_DIR)/ClothEaseApp.app/$(BUNDLE_EXECUTABLE_FOLDER_PATH)/ClothEaseApp";
			};
			name = Release;
		};
		75049A622D9C415F00A3E098 /* Debug */ = {
			isa = XCBuildConfiguration;
			buildSettings = {
				CODE_SIGN_STYLE = Automatic;
				CURRENT_PROJECT_VERSION = 1;
				DEVELOPMENT_TEAM = XVRBV8R9TX;
				GENERATE_INFOPLIST_FILE = YES;
				MARKETING_VERSION = 1.0;
				PRODUCT_BUNDLE_IDENTIFIER = code.anurag.io.ClothEaseAppUITests;
				PRODUCT_NAME = "$(TARGET_NAME)";
				SWIFT_EMIT_LOC_STRINGS = NO;
				SWIFT_VERSION = 5.0;
				TARGETED_DEVICE_FAMILY = "1,2";
				TEST_TARGET_NAME = ClothEaseApp;
			};
			name = Debug;
		};
		75049A632D9C415F00A3E098 /* Release */ = {
			isa = XCBuildConfiguration;
			buildSettings = {
				CODE_SIGN_STYLE = Automatic;
				CURRENT_PROJECT_VERSION = 1;
				DEVELOPMENT_TEAM = XVRBV8R9TX;
				GENERATE_INFOPLIST_FILE = YES;
				MARKETING_VERSION = 1.0;
				PRODUCT_BUNDLE_IDENTIFIER = code.anurag.io.ClothEaseAppUITests;
				PRODUCT_NAME = "$(TARGET_NAME)";
				SWIFT_EMIT_LOC_STRINGS = NO;
				SWIFT_VERSION = 5.0;
				TARGETED_DEVICE_FAMILY = "1,2";
				TEST_TARGET_NAME = ClothEaseApp;
			};
			name = Release;
		};
/* End XCBuildConfiguration section */

/* Begin XCConfigurationList section */
		75049A322D9C415B00A3E098 /* Build configuration list for PBXProject "ClothEaseApp" */ = {
			isa = XCConfigurationList;
			buildConfigurations = (
				75049A592D9C415F00A3E098 /* Debug */,
				75049A5A2D9C415F00A3E098 /* Release */,
			);
			defaultConfigurationIsVisible = 0;
			defaultConfigurationName = Release;
		};
		75049A5B2D9C415F00A3E098 /* Build configuration list for PBXNativeTarget "ClothEaseApp" */ = {
			isa = XCConfigurationList;
			buildConfigurations = (
				75049A5C2D9C415F00A3E098 /* Debug */,
				75049A5D2D9C415F00A3E098 /* Release */,
			);
			defaultConfigurationIsVisible = 0;
			defaultConfigurationName = Release;
		};
		75049A5E2D9C415F00A3E098 /* Build configuration list for PBXNativeTarget "ClothEaseAppTests" */ = {
			isa = XCConfigurationList;
			buildConfigurations = (
				75049A5F2D9C415F00A3E098 /* Debug */,
				75049A602D9C415F00A3E098 /* Release */,
			);
			defaultConfigurationIsVisible = 0;
			defaultConfigurationName = Release;
		};
		75049A612D9C415F00A3E098 /* Build configuration list for PBXNativeTarget "ClothEaseAppUITests" */ = {
			isa = XCConfigurationList;
			buildConfigurations = (
				75049A622D9C415F00A3E098 /* Debug */,
				75049A632D9C415F00A3E098 /* Release */,
			);
			defaultConfigurationIsVisible = 0;
			defaultConfigurationName = Release;
		};
/* End XCConfigurationList section */
	};
	rootObject = 75049A2F2D9C415B00A3E098 /* Project object */;
}
